
Microsoft Visual Studio Solution File, Format Version 12.00
# Visual Studio 15
VisualStudioVersion = 15.0.27004.2005
MinimumVisualStudioVersion = 10.0.40219.1
Project("{FAE04EC0-301F-11D3-BF4B-00C04F79EFBC}") = "Result Management System", "Result Management System\Result Management System.csproj", "{EA22532F-0F29-4CC8-A75E-2F221AE637EA}"
EndProject
Global
	GlobalSection(SolutionConfigurationPlatforms) = preSolution
		Debug|Any CPU = Debug|Any CPU
		Release|Any CPU = Release|Any CPU
	EndGlobalSection
	GlobalSection(ProjectConfigurationPlatforms) = postSolution
		{EA22532F-0F29-4CC8-A75E-2F221AE637EA}.Debug|Any CPU.ActiveCfg = Debug|Any CPU
		{EA22532F-0F29-4CC8-A75E-2F221AE637EA}.Debug|Any CPU.Build.0 = Debug|Any CPU
		{EA22532F-0F29-4CC8-A75E-2F221AE637EA}.Release|Any CPU.ActiveCfg = Release|Any CPU
		{EA22532F-0F29-4CC8-A75E-2F221AE637EA}.Release|Any CPU.Build.0 = Release|Any CPU
	EndGlobalSection
	GlobalSection(SolutionProperties) = preSolution
		HideSolutionNode = FALSE
	EndGlobalSection
	GlobalSection(ExtensibilityGlobals) = postSolution
		SolutionGuid = {0E29E7DF-441C-4697-B269-BAAAADF867A4}
	EndGlobalSection
EndGlobal
